
Microsoft Visual Studio Solution File, Format Version 12.00
Project("{FAE04EC0-301F-11D3-BF4B-00C04F79EFBC}") = "Unit.Testing", "Unit.Testing\Unit.Testing.csproj", "{89AF4E7B-FB39-44A9-82D2-B262327CFFC8}"
EndProject
Project("{FAE04EC0-301F-11D3-BF4B-00C04F79EFBC}") = "Runtime.Resolver", "Runtime.Resolver\Runtime.Resolver.csproj", "{947BC642-5F0E-4451-8266-E1A4B85548EB}"
EndProject
Global
	GlobalSection(SolutionConfigurationPlatforms) = preSolution
		Debug|Any CPU = Debug|Any CPU
		Release|Any CPU = Release|Any CPU
	EndGlobalSection
	GlobalSection(ProjectConfigurationPlatforms) = postSolution
		{89AF4E7B-FB39-44A9-82D2-B262327CFFC8}.Debug|Any CPU.ActiveCfg = Debug|Any CPU
		{89AF4E7B-FB39-44A9-82D2-B262327CFFC8}.Debug|Any CPU.Build.0 = Debug|Any CPU
		{89AF4E7B-FB39-44A9-82D2-B262327CFFC8}.Release|Any CPU.ActiveCfg = Release|Any CPU
		{89AF4E7B-FB39-44A9-82D2-B262327CFFC8}.Release|Any CPU.Build.0 = Release|Any CPU
		{947BC642-5F0E-4451-8266-E1A4B85548EB}.Debug|Any CPU.ActiveCfg = Debug|Any CPU
		{947BC642-5F0E-4451-8266-E1A4B85548EB}.Debug|Any CPU.Build.0 = Debug|Any CPU
		{947BC642-5F0E-4451-8266-E1A4B85548EB}.Release|Any CPU.ActiveCfg = Release|Any CPU
		{947BC642-5F0E-4451-8266-E1A4B85548EB}.Release|Any CPU.Build.0 = Release|Any CPU
	EndGlobalSection
EndGlobal
